{
  "nodes": {
    "flake-utils": {
      "inputs": {
        "systems": "systems"
      },
      "locked": {
        "lastModified": 1731533236,
        "narHash": "sha256-l0KFg5HjrsfsO/JpG+r7fRrqm12kzFHyUHqHCVpMMbI=",
        "owner": "numtide",
        "repo": "flake-utils",
        "rev": "11707dc2f618dd54ca8739b309ec4fc024de578b",
        "type": "github"
      },
      "original": {
        "owner": "numtide",
        "repo": "flake-utils",
        "type": "github"
      }
    },
    "nixcaps": {
      "inputs": {
        "flake-utils": [
          "flake-utils"
        ],
        "nixpkgs": [
          "nixpkgs"
        ],
        "qmk_firmware": [
          "qmk_firmware"
        ]
      },
      "locked": {
        "lastModified": 1771529827,
        "narHash": "sha256-CX3+KcXqCY5S+CdNKUnl7HTw5y13n6GZKgA8dzEhSek=",
        "owner": "agustinmista",
        "repo": "nixcaps",
        "rev": "d20a36b1e48f299b169388f96f80bf94361d06c8",
        "type": "github"
      },
      "original": {
        "owner": "agustinmista",
        "repo": "nixcaps",
        "type": "github"
      }
    },
    "nixpkgs": {
      "locked": {
        "lastModified": 1781577229,
        "narHash": "sha256-lrp67w8AulE9Ks53n27I45ADSzbOCn4H+CNW1Ck8B+8=",
        "owner": "nixos",
        "repo": "nixpkgs",
        "rev": "567a49d1913ce81ac6e9582e3553dd90a955875f",
        "type": "github"
      },
      "original": {
        "owner": "nixos",
        "ref": "nixos-unstable",
        "repo": "nixpkgs",
        "type": "github"
      }
    },
    "qmk_firmware": {
      "flake": false,
      "locked": {
        "lastModified": 1771006911,
        "narHash": "sha256-S+XhWcWT6xNAGaJOCGnkBpVHnVYXa/b/gyZWHIJOn1s=",
        "ref": "0.31.11",
        "rev": "63a3fc3591f755d1ef6b36269e61df16f4c32707",
        "revCount": 29268,
        "submodules": true,
        "type": "git",
        "url": "https://github.com/qmk/qmk_firmware"
      },
      "original": {
        "ref": "0.31.11",
        "submodules": true,
        "type": "git",
        "url": "https://github.com/qmk/qmk_firmware"
      }
    },
    "qmk_firmware_keychron": {
      "flake": false,
      "locked": {
        "lastModified": 1776664986,
        "narHash": "sha256-dDqEPGPUIKpmVyp2mj79S5fmdtdfN27HIp8Iqr86L8Q=",
        "ref": "2025q3",
        "rev": "eb4afcbe993c98687a46415391a154b7be528d80",
        "revCount": 29143,
        "submodules": true,
        "type": "git",
        "url": "https://github.com/Keychron/qmk_firmware"
      },
      "original": {
        "ref": "2025q3",
        "submodules": true,
        "type": "git",
        "url": "https://github.com/Keychron/qmk_firmware"
      }
    },
    "root": {
      "inputs": {
        "flake-utils": "flake-utils",
        "nixcaps": "nixcaps",
        "nixpkgs": "nixpkgs",
        "qmk_firmware": "qmk_firmware",
        "qmk_firmware_keychron": "qmk_firmware_keychron",
        "treefmt-nix": "treefmt-nix"
      }
    },
    "systems": {
      "locked": {
        "lastModified": 1681028828,
        "narHash": "sha256-Vy1rq5AaRuLzOxct8nz4T6wlgyUR7zLU309k9mBC768=",
        "owner": "nix-systems",
        "repo": "default",
        "rev": "da67096a3b9bf56a91d16901293e51ba5b49a27e",
        "type": "github"
      },
      "original": {
        "owner": "nix-systems",
        "repo": "default",
        "type": "github"
      }
    },
    "treefmt-nix": {
      "inputs": {
        "nixpkgs": [
          "nixpkgs"
        ]
      },
      "locked": {
        "lastModified": 1770228511,
        "narHash": "sha256-wQ6NJSuFqAEmIg2VMnLdCnUc0b7vslUohqqGGD+Fyxk=",
        "owner": "numtide",
        "repo": "treefmt-nix",
        "rev": "337a4fe074be1042a35086f15481d763b8ddc0e7",
        "type": "github"
      },
      "original": {
        "owner": "numtide",
        "repo": "treefmt-nix",
        "type": "github"
      }
    }
  },
  "root": "root",
  "version": 7
}
